
Microsoft Visual Studio Solution File, Format Version 12.00
# Visual Studio Version 17
VisualStudioVersion = 17.1.32228.430
MinimumVisualStudioVersion = 10.0.40219.1
Project("{2150E333-8FDC-42A3-9474-1A3956D46DE8}") = "Solution Items", "Solution Items", "{01035CA1-1D49-496E-A6FA-74C37FC46FC9}"
	ProjectSection(SolutionItems) = preProject
		.gitignore = .gitignore
	EndProjectSection
EndProject
Project("{2150E333-8FDC-42A3-9474-1A3956D46DE8}") = "src", "src", "{C5B15532-871D-468B-8F16-8924CB51DD8F}"
EndProject
Project("{2150E333-8FDC-42A3-9474-1A3956D46DE8}") = "test", "test", "{DB154F49-D08A-4890-A972-A89771353413}"
EndProject
Project("{FAE04EC0-301F-11D3-BF4B-00C04F79EFBC}") = "WeatherApi", "src\WeatherApi\WeatherApi.csproj", "{FF177F1E-0813-4567-B303-E4A90BBD696E}"
EndProject
Project("{2150E333-8FDC-42A3-9474-1A3956D46DE8}") = "k8s", "k8s", "{FBAFB4B9-C5C5-418B-BD5C-2594B7120645}"
	ProjectSection(SolutionItems) = preProject
		k8s\deployment.yaml = k8s\deployment.yaml
		k8s\route.yaml = k8s\route.yaml
		k8s\service.yaml = k8s\service.yaml
	EndProjectSection
EndProject
Global
	GlobalSection(SolutionConfigurationPlatforms) = preSolution
		Debug|Any CPU = Debug|Any CPU
		Release|Any CPU = Release|Any CPU
	EndGlobalSection
	GlobalSection(ProjectConfigurationPlatforms) = postSolution
		{FF177F1E-0813-4567-B303-E4A90BBD696E}.Debug|Any CPU.ActiveCfg = Debug|Any CPU
		{FF177F1E-0813-4567-B303-E4A90BBD696E}.Debug|Any CPU.Build.0 = Debug|Any CPU
		{FF177F1E-0813-4567-B303-E4A90BBD696E}.Release|Any CPU.ActiveCfg = Release|Any CPU
		{FF177F1E-0813-4567-B303-E4A90BBD696E}.Release|Any CPU.Build.0 = Release|Any CPU
	EndGlobalSection
	GlobalSection(SolutionProperties) = preSolution
		HideSolutionNode = FALSE
	EndGlobalSection
	GlobalSection(NestedProjects) = preSolution
		{FF177F1E-0813-4567-B303-E4A90BBD696E} = {C5B15532-871D-468B-8F16-8924CB51DD8F}
	EndGlobalSection
	GlobalSection(ExtensibilityGlobals) = postSolution
		SolutionGuid = {C2D8C552-9FD0-44EC-9682-7F48281C3CDF}
	EndGlobalSection
EndGlobal
